
Microsoft Visual Studio Solution File, Format Version 12.00
# Visual Studio 15
VisualStudioVersion = 15.0.28010.2041
MinimumVisualStudioVersion = 10.0.40219.1
Project("{FAE04EC0-301F-11D3-BF4B-00C04F79EFBC}") = "ConsoleColor", "ConsoleColor\ConsoleColor.csproj", "{DBF40FAE-BD47-4B1C-A2DC-C25190D62CEA}"
EndProject
Global
	GlobalSection(SolutionConfigurationPlatforms) = preSolution
		Debug|Any CPU = Debug|Any CPU
		Release|Any CPU = Release|Any CPU
	EndGlobalSection
	GlobalSection(ProjectConfigurationPlatforms) = postSolution
		{DBF40FAE-BD47-4B1C-A2DC-C25190D62CEA}.Debug|Any CPU.ActiveCfg = Debug|Any CPU
		{DBF40FAE-BD47-4B1C-A2DC-C25190D62CEA}.Debug|Any CPU.Build.0 = Debug|Any CPU
		{DBF40FAE-BD47-4B1C-A2DC-C25190D62CEA}.Release|Any CPU.ActiveCfg = Release|Any CPU
		{DBF40FAE-BD47-4B1C-A2DC-C25190D62CEA}.Release|Any CPU.Build.0 = Release|Any CPU
	EndGlobalSection
	GlobalSection(SolutionProperties) = preSolution
		HideSolutionNode = FALSE
	EndGlobalSection
	GlobalSection(ExtensibilityGlobals) = postSolution
		SolutionGuid = {CFFEBE74-17F5-41EA-9834-CBB6F1409C02}
	EndGlobalSection
EndGlobal
