
Microsoft Visual Studio Solution File, Format Version 12.00
# Visual Studio 15
VisualStudioVersion = 15.0.28010.2041
MinimumVisualStudioVersion = 10.0.40219.1
Project("{FAE04EC0-301F-11D3-BF4B-00C04F79EFBC}") = "ConsoleApp2", "ConsoleApp2\ConsoleApp2.csproj", "{04F43B81-BEE5-49B0-BF64-980B57BB8101}"
EndProject
Global
	GlobalSection(SolutionConfigurationPlatforms) = preSolution
		Debug|Any CPU = Debug|Any CPU
		Release|Any CPU = Release|Any CPU
	EndGlobalSection
	GlobalSection(ProjectConfigurationPlatforms) = postSolution
		{04F43B81-BEE5-49B0-BF64-980B57BB8101}.Debug|Any CPU.ActiveCfg = Debug|Any CPU
		{04F43B81-BEE5-49B0-BF64-980B57BB8101}.Debug|Any CPU.Build.0 = Debug|Any CPU
		{04F43B81-BEE5-49B0-BF64-980B57BB8101}.Release|Any CPU.ActiveCfg = Release|Any CPU
		{04F43B81-BEE5-49B0-BF64-980B57BB8101}.Release|Any CPU.Build.0 = Release|Any CPU
	EndGlobalSection
	GlobalSection(SolutionProperties) = preSolution
		HideSolutionNode = FALSE
	EndGlobalSection
	GlobalSection(ExtensibilityGlobals) = postSolution
		SolutionGuid = {8DB02F5D-7B34-4116-BB55-B69360204D96}
	EndGlobalSection
EndGlobal
